// !$*UTF8*$!
{
	archiveVersion = 1;
	classes = {
	};
	objectVersion = 48;
	objects = {

/* Begin PBXBuildFile section */
		8240750E200B87B000737CE4 /* AppDelegate.swift in Sources */ = {isa = PBXBuildFile; fileRef = 8240750D200B87B000737CE4 /* AppDelegate.swift */; };
		82407510200B87B000737CE4 /* ViewController.swift in Sources */ = {isa = PBXBuildFile; fileRef = 8240750F200B87B000737CE4 /* ViewController.swift */; };
		82407513200B87B000737CE4 /* Main.storyboard in Resources */ = {isa = PBXBuildFile; fileRef = 82407511200B87B000737CE4 /* Main.storyboard */; };
		82407515200B87B000737CE4 /* Assets.xcassets in Resources */ = {isa = PBXBuildFile; fileRef = 82407514200B87B000737CE4 /* Assets.xcassets */; };
		82407518200B87B000737CE4 /* LaunchScreen.storyboard in Resources */ = {isa = PBXBuildFile; fileRef = 82407516200B87B000737CE4 /* LaunchScreen.storyboard */; };
		82407523200B87B100737CE4 /* SkillChainTests.swift in Sources */ = {isa = PBXBuildFile; fileRef = 82407522200B87B100737CE4 /* SkillChainTests.swift */; };
		8240752E200B87B100737CE4 /* SkillChainUITests.swift in Sources */ = {isa = PBXBuildFile; fileRef = 8240752D200B87B100737CE4 /* SkillChainUITests.swift */; };
		8240753C200B8C4100737CE4 /* RoundedButton.swift in Sources */ = {isa = PBXBuildFile; fileRef = 8240753B200B8C4100737CE4 /* RoundedButton.swift */; };
/* End PBXBuildFile section */

/* Begin PBXContainerItemProxy section */
		8240751F200B87B100737CE4 /* PBXContainerItemProxy */ = {
			isa = PBXContainerItemProxy;
			containerPortal = 82407502200B87B000737CE4 /* Project object */;
			proxyType = 1;
			remoteGlobalIDString = 82407509200B87B000737CE4;
			remoteInfo = SkillChain;
		};
		8240752A200B87B100737CE4 /* PBXContainerItemProxy */ = {
			isa = PBXContainerItemProxy;
			containerPortal = 82407502200B87B000737CE4 /* Project object */;
			proxyType = 1;
			remoteGlobalIDString = 82407509200B87B000737CE4;
			remoteInfo = SkillChain;
		};
/* End PBXContainerItemProxy section */

/* Begin PBXFileReference section */
		8240750A200B87B000737CE4 /* SkillChain.app */ = {isa = PBXFileReference; explicitFileType = wrapper.application; includeInIndex = 0; path = SkillChain.app; sourceTree = BUILT_PRODUCTS_DIR; };
		8240750D200B87B000737CE4 /* AppDelegate.swift */ = {isa = PBXFileReference; lastKnownFileType = sourcecode.swift; path = AppDelegate.swift; sourceTree = "<group>"; };
		8240750F200B87B000737CE4 /* ViewController.swift */ = {isa = PBXFileReference; lastKnownFileType = sourcecode.swift; path = ViewController.swift; sourceTree = "<group>"; };
		82407512200B87B000737CE4 /* Base */ = {isa = PBXFileReference; lastKnownFileType = file.storyboard; name = Base; path = Base.lproj/Main.storyboard; sourceTree = "<group>"; };
		82407514200B87B000737CE4 /* Assets.xcassets */ = {isa = PBXFileReference; lastKnownFileType = folder.assetcatalog; path = Assets.xcassets; sourceTree = "<group>"; };
		82407517200B87B000737CE4 /* Base */ = {isa = PBXFileReference; lastKnownFileType = file.storyboard; name = Base; path = Base.lproj/LaunchScreen.storyboard; sourceTree = "<group>"; };
		82407519200B87B000737CE4 /* Info.plist */ = {isa = PBXFileReference; lastKnownFileType = text.plist.xml; path = Info.plist; sourceTree = "<group>"; };
		8240751E200B87B100737CE4 /* SkillChainTests.xctest */ = {isa = PBXFileReference; explicitFileType = wrapper.cfbundle; includeInIndex = 0; path = SkillChainTests.xctest; sourceTree = BUILT_PRODUCTS_DIR; };
		82407522200B87B100737CE4 /* SkillChainTests.swift */ = {isa = PBXFileReference; lastKnownFileType = sourcecode.swift; path = SkillChainTests.swift; sourceTree = "<group>"; };
		82407524200B87B100737CE4 /* Info.plist */ = {isa = PBXFileReference; lastKnownFileType = text.plist.xml; path = Info.plist; sourceTree = "<group>"; };
		82407529200B87B100737CE4 /* SkillChainUITests.xctest */ = {isa = PBXFileReference; explicitFileType = wrapper.cfbundle; includeInIndex = 0; path = SkillChainUITests.xctest; sourceTree = BUILT_PRODUCTS_DIR; };
		8240752D200B87B100737CE4 /* SkillChainUITests.swift */ = {isa = PBXFileReference; lastKnownFileType = sourcecode.swift; path = SkillChainUITests.swift; sourceTree = "<group>"; };
		8240752F200B87B100737CE4 /* Info.plist */ = {isa = PBXFileReference; lastKnownFileType = text.plist.xml; path = Info.plist; sourceTree = "<group>"; };
		8240753B200B8C4100737CE4 /* RoundedButton.swift */ = {isa = PBXFileReference; lastKnownFileType = sourcecode.swift; path = RoundedButton.swift; sourceTree = "<group>"; };
/* End PBXFileReference section */

/* Begin PBXFrameworksBuildPhase section */
		82407507200B87B000737CE4 /* Frameworks */ = {
			isa = PBXFrameworksBuildPhase;
			buildActionMask = 2147483647;
			files = (
			);
			runOnlyForDeploymentPostprocessing = 0;
		};
		8240751B200B87B100737CE4 /* Frameworks */ = {
			isa = PBXFrameworksBuildPhase;
			buildActionMask = 2147483647;
			files = (
			);
			runOnlyForDeploymentPostprocessing = 0;
		};
		82407526200B87B100737CE4 /* Frameworks */ = {
			isa = PBXFrameworksBuildPhase;
			buildActionMask = 2147483647;
			files = (
			);
			runOnlyForDeploymentPostprocessing = 0;
		};
/* End PBXFrameworksBuildPhase section */

/* Begin PBXGroup section */
		82407501200B87B000737CE4 = {
			isa = PBXGroup;
			children = (
				8240750C200B87B000737CE4 /* SkillChain */,
				82407521200B87B100737CE4 /* SkillChainTests */,
				8240752C200B87B100737CE4 /* SkillChainUITests */,
				8240750B200B87B000737CE4 /* Products */,
			);
			sourceTree = "<group>";
		};
		8240750B200B87B000737CE4 /* Products */ = {
			isa = PBXGroup;
			children = (
				8240750A200B87B000737CE4 /* SkillChain.app */,
				8240751E200B87B100737CE4 /* SkillChainTests.xctest */,
				82407529200B87B100737CE4 /* SkillChainUITests.xctest */,
			);
			name = Products;
			sourceTree = "<group>";
		};
		8240750C200B87B000737CE4 /* SkillChain */ = {
			isa = PBXGroup;
			children = (
				8240753B200B8C4100737CE4 /* RoundedButton.swift */,
				8240750D200B87B000737CE4 /* AppDelegate.swift */,
				8240750F200B87B000737CE4 /* ViewController.swift */,
				82407511200B87B000737CE4 /* Main.storyboard */,
				82407514200B87B000737CE4 /* Assets.xcassets */,
				82407516200B87B000737CE4 /* LaunchScreen.storyboard */,
				82407519200B87B000737CE4 /* Info.plist */,
			);
			path = SkillChain;
			sourceTree = "<group>";
		};
		82407521200B87B100737CE4 /* SkillChainTests */ = {
			isa = PBXGroup;
			children = (
				82407522200B87B100737CE4 /* SkillChainTests.swift */,
				82407524200B87B100737CE4 /* Info.plist */,
			);
			path = SkillChainTests;
			sourceTree = "<group>";
		};
		8240752C200B87B100737CE4 /* SkillChainUITests */ = {
			isa = PBXGroup;
			children = (
				8240752D200B87B100737CE4 /* SkillChainUITests.swift */,
				8240752F200B87B100737CE4 /* Info.plist */,
			);
			path = SkillChainUITests;
			sourceTree = "<group>";
		};
/* End PBXGroup section */

/* Begin PBXNativeTarget section */
		82407509200B87B000737CE4 /* SkillChain */ = {
			isa = PBXNativeTarget;
			buildConfigurationList = 82407532200B87B100737CE4 /* Build configuration list for PBXNativeTarget "SkillChain" */;
			buildPhases = (
				82407506200B87B000737CE4 /* Sources */,
				82407507200B87B000737CE4 /* Frameworks */,
				82407508200B87B000737CE4 /* Resources */,
			);
			buildRules = (
			);
			dependencies = (
			);
			name = SkillChain;
			productName = SkillChain;
			productReference = 8240750A200B87B000737CE4 /* SkillChain.app */;
			productType = "com.apple.product-type.application";
		};
		8240751D200B87B100737CE4 /* SkillChainTests */ = {
			isa = PBXNativeTarget;
			buildConfigurationList = 82407535200B87B100737CE4 /* Build configuration list for PBXNativeTarget "SkillChainTests" */;
			buildPhases = (
				8240751A200B87B100737CE4 /* Sources */,
				8240751B200B87B100737CE4 /* Frameworks */,
				8240751C200B87B100737CE4 /* Resources */,
			);
			buildRules = (
			);
			dependencies = (
				82407520200B87B100737CE4 /* PBXTargetDependency */,
			);
			name = SkillChainTests;
			productName = SkillChainTests;
			productReference = 8240751E200B87B100737CE4 /* SkillChainTests.xctest */;
			productType = "com.apple.product-type.bundle.unit-test";
		};
		82407528200B87B100737CE4 /* SkillChainUITests */ = {
			isa = PBXNativeTarget;
			buildConfigurationList = 82407538200B87B100737CE4 /* Build configuration list for PBXNativeTarget "SkillChainUITests" */;
			buildPhases = (
				82407525200B87B100737CE4 /* Sources */,
				82407526200B87B100737CE4 /* Frameworks */,
				82407527200B87B100737CE4 /* Resources */,
			);
			buildRules = (
			);
			dependencies = (
				8240752B200B87B100737CE4 /* PBXTargetDependency */,
			);
			name = SkillChainUITests;
			productName = SkillChainUITests;
			productReference = 82407529200B87B100737CE4 /* SkillChainUITests.xctest */;
			productType = "com.apple.product-type.bundle.ui-testing";
		};
/* End PBXNativeTarget section */

/* Begin PBXProject section */
		82407502200B87B000737CE4 /* Project object */ = {
			isa = PBXProject;
			attributes = {
				LastSwiftUpdateCheck = 0920;
				LastUpgradeCheck = 0920;
				ORGANIZATIONNAME = Sarina;
				TargetAttributes = {
					82407509200B87B000737CE4 = {
						CreatedOnToolsVersion = 9.2;
						ProvisioningStyle = Automatic;
					};
					8240751D200B87B100737CE4 = {
						CreatedOnToolsVersion = 9.2;
						ProvisioningStyle = Automatic;
						TestTargetID = 82407509200B87B000737CE4;
					};
					82407528200B87B100737CE4 = {
						CreatedOnToolsVersion = 9.2;
						ProvisioningStyle = Automatic;
						TestTargetID = 82407509200B87B000737CE4;
					};
				};
			};
			buildConfigurationList = 82407505200B87B000737CE4 /* Build configuration list for PBXProject "SkillChain" */;
			compatibilityVersion = "Xcode 8.0";
			developmentRegion = en;
			hasScannedForEncodings = 0;
			knownRegions = (
				en,
				Base,
			);
			mainGroup = 82407501200B87B000737CE4;
			productRefGroup = 8240750B200B87B000737CE4 /* Products */;
			projectDirPath = "";
			projectRoot = "";
			targets = (
				82407509200B87B000737CE4 /* SkillChain */,
				8240751D200B87B100737CE4 /* SkillChainTests */,
				82407528200B87B100737CE4 /* SkillChainUITests */,
			);
		};
/* End PBXProject section */

/* Begin PBXResourcesBuildPhase section */
		82407508200B87B000737CE4 /* Resources */ = {
			isa = PBXResourcesBuildPhase;
			buildActionMask = 2147483647;
			files = (
				82407518200B87B000737CE4 /* LaunchScreen.storyboard in Resources */,
				82407515200B87B000737CE4 /* Assets.xcassets in Resources */,
				82407513200B87B000737CE4 /* Main.storyboard in Resources */,
			);
			runOnlyForDeploymentPostprocessing = 0;
		};
		8240751C200B87B100737CE4 /* Resources */ = {
			isa = PBXResourcesBuildPhase;
			buildActionMask = 2147483647;
			files = (
			);
			runOnlyForDeploymentPostprocessing = 0;
		};
		82407527200B87B100737CE4 /* Resources */ = {
			isa = PBXResourcesBuildPhase;
			buildActionMask = 2147483647;
			files = (
			);
			runOnlyForDeploymentPostprocessing = 0;
		};
/* End PBXResourcesBuildPhase section */

/* Begin PBXSourcesBuildPhase section */
		82407506200B87B000737CE4 /* Sources */ = {
			isa = PBXSourcesBuildPhase;
			buildActionMask = 2147483647;
			files = (
				82407510200B87B000737CE4 /* ViewController.swift in Sources */,
				8240753C200B8C4100737CE4 /* RoundedButton.swift in Sources */,
				8240750E200B87B000737CE4 /* AppDelegate.swift in Sources */,
			);
			runOnlyForDeploymentPostprocessing = 0;
		};
		8240751A200B87B100737CE4 /* Sources */ = {
			isa = PBXSourcesBuildPhase;
			buildActionMask = 2147483647;
			files = (
				82407523200B87B100737CE4 /* SkillChainTests.swift in Sources */,
			);
			runOnlyForDeploymentPostprocessing = 0;
		};
		82407525200B87B100737CE4 /* Sources */ = {
			isa = PBXSourcesBuildPhase;
			buildActionMask = 2147483647;
			files = (
				8240752E200B87B100737CE4 /* SkillChainUITests.swift in Sources */,
			);
			runOnlyForDeploymentPostprocessing = 0;
		};
/* End PBXSourcesBuildPhase section */

/* Begin PBXTargetDependency section */
		82407520200B87B100737CE4 /* PBXTargetDependency */ = {
			isa = PBXTargetDependency;
			target = 82407509200B87B000737CE4 /* SkillChain */;
			targetProxy = 8240751F200B87B100737CE4 /* PBXContainerItemProxy */;
		};
		8240752B200B87B100737CE4 /* PBXTargetDependency */ = {
			isa = PBXTargetDependency;
			target = 82407509200B87B000737CE4 /* SkillChain */;
			targetProxy = 8240752A200B87B100737CE4 /* PBXContainerItemProxy */;
		};
/* End PBXTargetDependency section */

/* Begin PBXVariantGroup section */
		82407511200B87B000737CE4 /* Main.storyboard */ = {
			isa = PBXVariantGroup;
			children = (
				82407512200B87B000737CE4 /* Base */,
			);
			name = Main.storyboard;
			sourceTree = "<group>";
		};
		82407516200B87B000737CE4 /* LaunchScreen.storyboard */ = {
			isa = PBXVariantGroup;
			children = (
				82407517200B87B000737CE4 /* Base */,
			);
			name = LaunchScreen.storyboard;
			sourceTree = "<group>";
		};
/* End PBXVariantGroup section */

/* Begin XCBuildConfiguration section */
		82407530200B87B100737CE4 /* Debug */ = {
			isa = XCBuildConfiguration;
			buildSettings = {
				ALWAYS_SEARCH_USER_PATHS = NO;
				CLANG_ANALYZER_NONNULL = YES;
				CLANG_ANALYZER_NUMBER_OBJECT_CONVERSION = YES_AGGRESSIVE;
				CLANG_CXX_LANGUAGE_STANDARD = "gnu++14";
				CLANG_CXX_LIBRARY = "libc++";
				CLANG_ENABLE_MODULES = YES;
				CLANG_ENABLE_OBJC_ARC = YES;
				CLANG_WARN_BLOCK_CAPTURE_AUTORELEASING = YES;
				CLANG_WARN_BOOL_CONVERSION = YES;
				CLANG_WARN_COMMA = YES;
				CLANG_WARN_CONSTANT_CONVERSION = YES;
				CLANG_WARN_DIRECT_OBJC_ISA_USAGE = YES_ERROR;
				CLANG_WARN_DOCUMENTATION_COMMENTS = YES;
				CLANG_WARN_EMPTY_BODY = YES;
				CLANG_WARN_ENUM_CONVERSION = YES;
				CLANG_WARN_INFINITE_RECURSION = YES;
				CLANG_WARN_INT_CONVERSION = YES;
				CLANG_WARN_NON_LITERAL_NULL_CONVERSION = YES;
				CLANG_WARN_OBJC_LITERAL_CONVERSION = YES;
				CLANG_WARN_OBJC_ROOT_CLASS = YES_ERROR;
				CLANG_WARN_RANGE_LOOP_ANALYSIS = YES;
				CLANG_WARN_STRICT_PROTOTYPES = YES;
				CLANG_WARN_SUSPICIOUS_MOVE = YES;
				CLANG_WARN_UNGUARDED_AVAILABILITY = YES_AGGRESSIVE;
				CLANG_WARN_UNREACHABLE_CODE = YES;
				CLANG_WARN__DUPLICATE_METHOD_MATCH = YES;
				CODE_SIGN_IDENTITY = "iPhone Developer";
				COPY_PHASE_STRIP = NO;
				DEBUG_INFORMATION_FORMAT = dwarf;
				ENABLE_STRICT_OBJC_MSGSEND = YES;
				ENABLE_TESTABILITY = YES;
				GCC_C_LANGUAGE_STANDARD = gnu11;
				GCC_DYNAMIC_NO_PIC = NO;
				GCC_NO_COMMON_BLOCKS = YES;
				GCC_OPTIMIZATION_LEVEL = 0;
				GCC_PREPROCESSOR_DEFINITIONS = (
					"DEBUG=1",
					"$(inherited)",
				);
				GCC_WARN_64_TO_32_BIT_CONVERSION = YES;
				GCC_WARN_ABOUT_RETURN_TYPE = YES_ERROR;
				GCC_WARN_UNDECLARED_SELECTOR = YES;
				GCC_WARN_UNINITIALIZED_AUTOS = YES_AGGRESSIVE;
				GCC_WARN_UNUSED_FUNCTION = YES;
				GCC_WARN_UNUSED_VARIABLE = YES;
				IPHONEOS_DEPLOYMENT_TARGET = 11.2;
				MTL_ENABLE_DEBUG_INFO = YES;
				ONLY_ACTIVE_ARCH = YES;
				SDKROOT = iphoneos;
				SWIFT_ACTIVE_COMPILATION_CONDITIONS = DEBUG;
				SWIFT_OPTIMIZATION_LEVEL = "-Onone";
			};
			name = Debug;
		};
		82407531200B87B100737CE4 /* Release */ = {
			isa = XCBuildConfiguration;
			buildSettings = {
				ALWAYS_SEARCH_USER_PATHS = NO;
				CLANG_ANALYZER_NONNULL = YES;
				CLANG_ANALYZER_NUMBER_OBJECT_CONVERSION = YES_AGGRESSIVE;
				CLANG_CXX_LANGUAGE_STANDARD = "gnu++14";
				CLANG_CXX_LIBRARY = "libc++";
				CLANG_ENABLE_MODULES = YES;
				CLANG_ENABLE_OBJC_ARC = YES;
				CLANG_WARN_BLOCK_CAPTURE_AUTORELEASING = YES;
				CLANG_WARN_BOOL_CONVERSION = YES;
				CLANG_WARN_COMMA = YES;
				CLANG_WARN_CONSTANT_CONVERSION = YES;
				CLANG_WARN_DIRECT_OBJC_ISA_USAGE = YES_ERROR;
				CLANG_WARN_DOCUMENTATION_COMMENTS = YES;
				CLANG_WARN_EMPTY_BODY = YES;
				CLANG_WARN_ENUM_CONVERSION = YES;
				CLANG_WARN_INFINITE_RECURSION = YES;
				CLANG_WARN_INT_CONVERSION = YES;
				CLANG_WARN_NON_LITERAL_NULL_CONVERSION = YES;
				CLANG_WARN_OBJC_LITERAL_CONVERSION = YES;
				CLANG_WARN_OBJC_ROOT_CLASS = YES_ERROR;
				CLANG_WARN_RANGE_LOOP_ANALYSIS = YES;
				CLANG_WARN_STRICT_PROTOTYPES = YES;
				CLANG_WARN_SUSPICIOUS_MOVE = YES;
				CLANG_WARN_UNGUARDED_AVAILABILITY = YES_AGGRESSIVE;
				CLANG_WARN_UNREACHABLE_CODE = YES;
				CLANG_WARN__DUPLICATE_METHOD_MATCH = YES;
				CODE_SIGN_IDENTITY = "iPhone Developer";
				COPY_PHASE_STRIP = NO;
				DEBUG_INFORMATION_FORMAT = "dwarf-with-dsym";
				ENABLE_NS_ASSERTIONS = NO;
				ENABLE_STRICT_OBJC_MSGSEND = YES;
				GCC_C_LANGUAGE_STANDARD = gnu11;
				GCC_NO_COMMON_BLOCKS = YES;
				GCC_WARN_64_TO_32_BIT_CONVERSION = YES;
				GCC_WARN_ABOUT_RETURN_TYPE = YES_ERROR;
				GCC_WARN_UNDECLARED_SELECTOR = YES;
				GCC_WARN_UNINITIALIZED_AUTOS = YES_AGGRESSIVE;
				GCC_WARN_UNUSED_FUNCTION = YES;
				GCC_WARN_UNUSED_VARIABLE = YES;
				IPHONEOS_DEPLOYMENT_TARGET = 11.2;
				MTL_ENABLE_DEBUG_INFO = NO;
				SDKROOT = iphoneos;
				SWIFT_OPTIMIZATION_LEVEL = "-Owholemodule";
				VALIDATE_PRODUCT = YES;
			};
			name = Release;
		};
		82407533200B87B100737CE4 /* Debug */ = {
			isa = XCBuildConfiguration;
			buildSettings = {
				ASSETCATALOG_COMPILER_APPICON_NAME = AppIcon;
				CODE_SIGN_STYLE = Automatic;
				DEVELOPMENT_TEAM = 82D6CU2QYP;
				INFOPLIST_FILE = SkillChain/Info.plist;
				IPHONEOS_DEPLOYMENT_TARGET = 10.0;
				LD_RUNPATH_SEARCH_PATHS = "$(inherited) @executable_path/Frameworks";
				PRODUCT_BUNDLE_IDENTIFIER = ch.SkillChain;
				PRODUCT_NAME = "$(TARGET_NAME)";
				SWIFT_VERSION = 4.0;
				TARGETED_DEVICE_FAMILY = "1,2";
			};
			name = Debug;
		};
		82407534200B87B100737CE4 /* Release */ = {
			isa = XCBuildConfiguration;
			buildSettings = {
				ASSETCATALOG_COMPILER_APPICON_NAME = AppIcon;
				CODE_SIGN_STYLE = Automatic;
				DEVELOPMENT_TEAM = 82D6CU2QYP;
				INFOPLIST_FILE = SkillChain/Info.plist;
				IPHONEOS_DEPLOYMENT_TARGET = 10.0;
				LD_RUNPATH_SEARCH_PATHS = "$(inherited) @executable_path/Frameworks";
				PRODUCT_BUNDLE_IDENTIFIER = ch.SkillChain;
				PRODUCT_NAME = "$(TARGET_NAME)";
				SWIFT_VERSION = 4.0;
				TARGETED_DEVICE_FAMILY = "1,2";
			};
			name = Release;
		};
		82407536200B87B100737CE4 /* Debug */ = {
			isa = XCBuildConfiguration;
			buildSettings = {
				ALWAYS_EMBED_SWIFT_STANDARD_LIBRARIES = YES;
				BUNDLE_LOADER = "$(TEST_HOST)";
				CODE_SIGN_STYLE = Automatic;
				DEVELOPMENT_TEAM = 82D6CU2QYP;
				INFOPLIST_FILE = SkillChainTests/Info.plist;
				LD_RUNPATH_SEARCH_PATHS = "$(inherited) @executable_path/Frameworks @loader_path/Frameworks";
				PRODUCT_BUNDLE_IDENTIFIER = ch.SkillChainTests;
				PRODUCT_NAME = "$(TARGET_NAME)";
				SWIFT_VERSION = 4.0;
				TARGETED_DEVICE_FAMILY = "1,2";
				TEST_HOST = "$(BUILT_PRODUCTS_DIR)/SkillChain.app/SkillChain";
			};
			name = Debug;
		};
		82407537200B87B100737CE4 /* Release */ = {
			isa = XCBuildConfiguration;
			buildSettings = {
				ALWAYS_EMBED_SWIFT_STANDARD_LIBRARIES = YES;
				BUNDLE_LOADER = "$(TEST_HOST)";
				CODE_SIGN_STYLE = Automatic;
				DEVELOPMENT_TEAM = 82D6CU2QYP;
				INFOPLIST_FILE = SkillChainTests/Info.plist;
				LD_RUNPATH_SEARCH_PATHS = "$(inherited) @executable_path/Frameworks @loader_path/Frameworks";
				PRODUCT_BUNDLE_IDENTIFIER = ch.SkillChainTests;
				PRODUCT_NAME = "$(TARGET_NAME)";
				SWIFT_VERSION = 4.0;
				TARGETED_DEVICE_FAMILY = "1,2";
				TEST_HOST = "$(BUILT_PRODUCTS_DIR)/SkillChain.app/SkillChain";
			};
			name = Release;
		};
		82407539200B87B100737CE4 /* Debug */ = {
			isa = XCBuildConfiguration;
			buildSettings = {
				ALWAYS_EMBED_SWIFT_STANDARD_LIBRARIES = YES;
				CODE_SIGN_STYLE = Automatic;
				DEVELOPMENT_TEAM = 82D6CU2QYP;
				INFOPLIST_FILE = SkillChainUITests/Info.plist;
				LD_RUNPATH_SEARCH_PATHS = "$(inherited) @executable_path/Frameworks @loader_path/Frameworks";
				PRODUCT_BUNDLE_IDENTIFIER = ch.SkillChainUITests;
				PRODUCT_NAME = "$(TARGET_NAME)";
				SWIFT_VERSION = 4.0;
				TARGETED_DEVICE_FAMILY = "1,2";
				TEST_TARGET_NAME = SkillChain;
			};
			name = Debug;
		};
		8240753A200B87B100737CE4 /* Release */ = {
			isa = XCBuildConfiguration;
			buildSettings = {
				ALWAYS_EMBED_SWIFT_STANDARD_LIBRARIES = YES;
				CODE_SIGN_STYLE = Automatic;
				DEVELOPMENT_TEAM = 82D6CU2QYP;
				INFOPLIST_FILE = SkillChainUITests/Info.plist;
				LD_RUNPATH_SEARCH_PATHS = "$(inherited) @executable_path/Frameworks @loader_path/Frameworks";
				PRODUCT_BUNDLE_IDENTIFIER = ch.SkillChainUITests;
				PRODUCT_NAME = "$(TARGET_NAME)";
				SWIFT_VERSION = 4.0;
				TARGETED_DEVICE_FAMILY = "1,2";
				TEST_TARGET_NAME = SkillChain;
			};
			name = Release;
		};
/* End XCBuildConfiguration section */

/* Begin XCConfigurationList section */
		82407505200B87B000737CE4 /* Build configuration list for PBXProject "SkillChain" */ = {
			isa = XCConfigurationList;
			buildConfigurations = (
				82407530200B87B100737CE4 /* Debug */,
				82407531200B87B100737CE4 /* Release */,
			);
			defaultConfigurationIsVisible = 0;
			defaultConfigurationName = Release;
		};
		82407532200B87B100737CE4 /* Build configuration list for PBXNativeTarget "SkillChain" */ = {
			isa = XCConfigurationList;
			buildConfigurations = (
				82407533200B87B100737CE4 /* Debug */,
				82407534200B87B100737CE4 /* Release */,
			);
			defaultConfigurationIsVisible = 0;
			defaultConfigurationName = Release;
		};
		82407535200B87B100737CE4 /* Build configuration list for PBXNativeTarget "SkillChainTests" */ = {
			isa = XCConfigurationList;
			buildConfigurations = (
				82407536200B87B100737CE4 /* Debug */,
				82407537200B87B100737CE4 /* Release */,
			);
			defaultConfigurationIsVisible = 0;
			defaultConfigurationName = Release;
		};
		82407538200B87B100737CE4 /* Build configuration list for PBXNativeTarget "SkillChainUITests" */ = {
			isa = XCConfigurationList;
			buildConfigurations = (
				82407539200B87B100737CE4 /* Debug */,
				8240753A200B87B100737CE4 /* Release */,
			);
			defaultConfigurationIsVisible = 0;
			defaultConfigurationName = Release;
		};
/* End XCConfigurationList section */
	};
	rootObject = 82407502200B87B000737CE4 /* Project object */;
}
